
Microsoft Visual Studio Solution File, Format Version 12.00
# Visual Studio 15
VisualStudioVersion = 15.0.27004.2005
MinimumVisualStudioVersion = 10.0.40219.1
Project("{8BC9CEB8-8B4A-11D0-8D11-00A0C91BC942}") = "smtst", "smtst.vcxproj", "{96E5F9C9-6DAB-4EA8-96C0-20A19E924B60}"
EndProject
Global
	GlobalSection(SolutionConfigurationPlatforms) = preSolution
		Release|Win32 = Release|Win32
		Release|x64 = Release|x64
	EndGlobalSection
	GlobalSection(ProjectConfigurationPlatforms) = postSolution
		{96E5F9C9-6DAB-4EA8-96C0-20A19E924B60}.Release|Win32.ActiveCfg = Release|Win32
		{96E5F9C9-6DAB-4EA8-96C0-20A19E924B60}.Release|Win32.Build.0 = Release|Win32
		{96E5F9C9-6DAB-4EA8-96C0-20A19E924B60}.Release|x64.ActiveCfg = Release|x64
		{96E5F9C9-6DAB-4EA8-96C0-20A19E924B60}.Release|x64.Build.0 = Release|x64
	EndGlobalSection
	GlobalSection(SolutionProperties) = preSolution
		HideSolutionNode = FALSE
	EndGlobalSection
	GlobalSection(ExtensibilityGlobals) = postSolution
		SolutionGuid = {31297AA6-BDE5-4CBD-8600-3F9025F8BD2C}
	EndGlobalSection
EndGlobal
