<?xml version="1.0" encoding="utf-8"?>
<Project ToolsVersion="4.0" xmlns="http://schemas.microsoft.com/developer/msbuild/2003">
  <ItemGroup>
    <Filter Include="Source Files">
      <UniqueIdentifier>{5ba84d9a-b40d-411b-ad59-c53898efecab}</UniqueIdentifier>
      <Extensions>cpp;c;cxx;rc;def;r;odl;idl;hpj;bat</Extensions>
    </Filter>
    <Filter Include="Header Files">
      <UniqueIdentifier>{c4ebee7b-227d-45e5-b326-6d2118133394}</UniqueIdentifier>
      <Extensions>h;hpp;hxx;hm;inl</Extensions>
    </Filter>
    <Filter Include="Resource Files">
      <UniqueIdentifier>{256a2302-b42a-4ff2-9977-bbc3dd3bf416}</UniqueIdentifier>
      <Extensions>ico;cur;bmp;dlg;rc2;rct;bin;rgs;gif;jpg;jpeg;jpe</Extensions>
    </Filter>
  </ItemGroup>
  <ItemGroup>
    <ClCompile Include="sc4404.c">
      <Filter>Source Files</Filter>
    </ClCompile>
    <ClCompile Include="scard2w.c">
      <Filter>Source Files</Filter>
    </ClCompile>
    <ClCompile Include="scard3w.c">
      <Filter>Source Files</Filter>
    </ClCompile>
    <ClCompile Include="scardi2c.c">
      <Filter>Source Files</Filter>
    </ClCompile>
    <ClCompile Include="scrn.c">
      <Filter>Source Files</Filter>
    </ClCompile>
    <ClCompile Include="syntst.c">
      <Filter>Source Files</Filter>
    </ClCompile>
  </ItemGroup>
  <ItemGroup>
    <ClInclude Include="resource.h">
      <Filter>Header Files</Filter>
    </ClInclude>
    <ClInclude Include="scrn.h">
      <Filter>Header Files</Filter>
    </ClInclude>
    <ClInclude Include="scrni.h">
      <Filter>Header Files</Filter>
    </ClInclude>
    <ClInclude Include="syntst.h">
      <Filter>Header Files</Filter>
    </ClInclude>
  </ItemGroup>
  <ItemGroup>
    <Image Include="hid.ico">
      <Filter>Resource Files</Filter>
    </Image>
  </ItemGroup>
  <ItemGroup>
    <ResourceCompile Include="syntst.rc">
      <Filter>Resource Files</Filter>
    </ResourceCompile>
  </ItemGroup>
</Project>